<?xml version="1.0" encoding="utf-8"?>
<Project ToolsVersion="4.0" xmlns="http://schemas.microsoft.com/developer/msbuild/2003">
  <ItemGroup>
    <Filter Include="Source Files">
      <UniqueIdentifier>{4FC737F1-C7A5-4376-A066-2A32D752A2FF}</UniqueIdentifier>
      <Extensions>cpp;c;cc;cxx;c++;def;odl;idl;hpj;bat;asm;asmx</Extensions>
    </Filter>
    <Filter Include="Header Files">
      <UniqueIdentifier>{93995380-89BD-4b04-88EB-625FBE52EBFB}</UniqueIdentifier>
      <Extensions>h;hh;hpp;hxx;h++;hm;inl;inc;ipp;xsd</Extensions>
    </Filter>
    <Filter Include="Resource Files">
      <UniqueIdentifier>{67DA6AB6-F800-4c08-8B7A-83BB121AAD01}</UniqueIdentifier>
      <Extensions>rc;ico;cur;bmp;dlg;rc2;rct;bin;rgs;gif;jpg;jpeg;jpe;resx;tiff;tif;png;wav;mfcribbon-ms</Extensions>
    </Filter>
    <Filter Include="Header Files\Functionalities">
      <UniqueIdentifier>{29de9cac-62f6-453d-847b-1efcdf513c66}</UniqueIdentifier>
    </Filter>
    <Filter Include="Source Files\Functionalities">
      <UniqueIdentifier>{4ae8bedf-6d35-4a97-82fe-b8651571690c}</UniqueIdentifier>
    </Filter>
    <Filter Include="Header Files\Backgrounds">
      <UniqueIdentifier>{f988a9ed-7b17-4ebe-8033-63f53c0e5b3a}</UniqueIdentifier>
    </Filter>
    <Filter Include="Header Files\Players">
      <UniqueIdentifier>{22f36854-39cc-421b-bfb7-dc96e085c273}</UniqueIdentifier>
    </Filter>
    <Filter Include="Source Files\Players">
      <UniqueIdentifier>{f5166212-e44a-4788-a4e2-dc05ed0833ff}</UniqueIdentifier>
    </Filter>
    <Filter Include="Source Files\Backgrounds">
      <UniqueIdentifier>{8f9451b1-4f01-49e5-b8fb-312a43fad8cd}</UniqueIdentifier>
    </Filter>
    <Filter Include="Header Files\Obstacles">
      <UniqueIdentifier>{e84de113-ab22-4ee7-bc46-5e0dbbdf3e65}</UniqueIdentifier>
    </Filter>
    <Filter Include="Source Files\Obstacles">
      <UniqueIdentifier>{1a00c059-da7a-463e-b4c9-be8a132bae33}</UniqueIdentifier>
    </Filter>
  </ItemGroup>
  <ItemGroup>
    <ClCompile Include="main.cpp">
      <Filter>Source Files</Filter>
    </ClCompile>
    <ClCompile Include="Entity.cpp">
      <Filter>Source Files</Filter>
    </ClCompile>
    <ClCompile Include="Engine.cpp">
      <Filter>Source Files\Functionalities</Filter>
    </ClCompile>
    <ClCompile Include="Draw.cpp">
      <Filter>Source Files\Functionalities</Filter>
    </ClCompile>
    <ClCompile Include="Dino.cpp">
      <Filter>Source Files\Players</Filter>
    </ClCompile>
    <ClCompile Include="Bird.cpp">
      <Filter>Source Files\Backgrounds</Filter>
    </ClCompile>
    <ClCompile Include="Obstacle.cpp">
      <Filter>Source Files\Obstacles</Filter>
    </ClCompile>
    <ClCompile Include="Cactus.cpp">
      <Filter>Source Files\Obstacles</Filter>
    </ClCompile>
    <ClCompile Include="Background.cpp">
      <Filter>Source Files\Backgrounds</Filter>
    </ClCompile>
    <ClCompile Include="Player.cpp">
      <Filter>Source Files</Filter>
    </ClCompile>
  </ItemGroup>
  <ItemGroup>
    <ClInclude Include="Entity.h">
      <Filter>Header Files</Filter>
    </ClInclude>
    <ClInclude Include="Draw.h">
      <Filter>Header Files\Functionalities</Filter>
    </ClInclude>
    <ClInclude Include="Engine.h">
      <Filter>Header Files\Functionalities</Filter>
    </ClInclude>
    <ClInclude Include="Bird.h">
      <Filter>Header Files\Backgrounds</Filter>
    </ClInclude>
    <ClInclude Include="Dino.h">
      <Filter>Header Files\Players</Filter>
    </ClInclude>
    <ClInclude Include="Obstacle.h">
      <Filter>Header Files\Obstacles</Filter>
    </ClInclude>
    <ClInclude Include="Cactus.h">
      <Filter>Header Files\Obstacles</Filter>
    </ClInclude>
    <ClInclude Include="Background.h">
      <Filter>Header Files\Backgrounds</Filter>
    </ClInclude>
    <ClInclude Include="Player.h">
      <Filter>Header Files</Filter>
    </ClInclude>
  </ItemGroup>
</Project>